
Microsoft Visual Studio Solution File, Format Version 12.00
# Visual Studio Version 17
VisualStudioVersion = 17.2.32802.462
MinimumVisualStudioVersion = 10.0.40219.1
Project("{FAE04EC0-301F-11D3-BF4B-00C04F79EFBC}") = "Zh_YROEIM_FormsApp", "Zh_YROEIM_FormsApp\Zh_YROEIM_FormsApp.csproj", "{DDBD5F29-DDC8-40F6-A851-F96CDE63461C}"
EndProject
Project("{FAE04EC0-301F-11D3-BF4B-00C04F79EFBC}") = "Zh_YROEIM_NET_API", "Zh_YROEIM_NET_API\Zh_YROEIM_NET_API.csproj", "{A02FFA57-550E-45C9-B7D6-F4F0A5FC6E22}"
EndProject
Global
	GlobalSection(SolutionConfigurationPlatforms) = preSolution
		Debug|Any CPU = Debug|Any CPU
		Release|Any CPU = Release|Any CPU
	EndGlobalSection
	GlobalSection(ProjectConfigurationPlatforms) = postSolution
		{DDBD5F29-DDC8-40F6-A851-F96CDE63461C}.Debug|Any CPU.ActiveCfg = Debug|Any CPU
		{DDBD5F29-DDC8-40F6-A851-F96CDE63461C}.Debug|Any CPU.Build.0 = Debug|Any CPU
		{DDBD5F29-DDC8-40F6-A851-F96CDE63461C}.Release|Any CPU.ActiveCfg = Release|Any CPU
		{DDBD5F29-DDC8-40F6-A851-F96CDE63461C}.Release|Any CPU.Build.0 = Release|Any CPU
		{A02FFA57-550E-45C9-B7D6-F4F0A5FC6E22}.Debug|Any CPU.ActiveCfg = Debug|Any CPU
		{A02FFA57-550E-45C9-B7D6-F4F0A5FC6E22}.Debug|Any CPU.Build.0 = Debug|Any CPU
		{A02FFA57-550E-45C9-B7D6-F4F0A5FC6E22}.Release|Any CPU.ActiveCfg = Release|Any CPU
		{A02FFA57-550E-45C9-B7D6-F4F0A5FC6E22}.Release|Any CPU.Build.0 = Release|Any CPU
	EndGlobalSection
	GlobalSection(SolutionProperties) = preSolution
		HideSolutionNode = FALSE
	EndGlobalSection
	GlobalSection(ExtensibilityGlobals) = postSolution
		SolutionGuid = {A395A49E-80D5-45CF-B5C3-163BF74861C7}
	EndGlobalSection
EndGlobal
